# THIS IS AN AUTOGENERATED FILE. DO NOT EDIT THIS FILE DIRECTLY.
# yarn lockfile v1


"@dcloudio/uni-ui@^1.4.23":
  version "1.4.23"
  resolved "https://registry.npmmirror.com/@dcloudio/uni-ui/-/uni-ui-1.4.23.tgz#f7d4bb5fbb75ecffcd930499d2c65d0c38f6d6df"
  integrity sha512-FJRkhL240gin9WvOunY38Yi2/0FzTLVlEI3dxcjzaV1oYa81o+IWEf/29YDiRrsHuvYDk9g600QgiZLC+A6ycA==

uview-ui@2.0.31:
  version "2.0.31"
  resolved "https://registry.npmmirror.com/uview-ui/-/uview-ui-2.0.31.tgz#85679c0ef7ecfde0672d4ef74af813506ea1bcca"
  integrity sha512-I/0fGuvtiKHH/mBb864SGYk+SJ7WaF32tsBgYgeBOsxlUp+Th+Ac2tgz2cTvsQJl6eZYWsKZ3ixiSXCAcxZ8Sw==
